
Microsoft Visual Studio Solution File, Format Version 12.00
# Visual Studio Version 17
VisualStudioVersion = 17.6.33815.320
MinimumVisualStudioVersion = 10.0.40219.1
Project("{FAE04EC0-301F-11D3-BF4B-00C04F79EFBC}") = "Szorzótábla", "Szorzótábla\Szorzótábla.csproj", "{56278C13-9B54-4AEE-968D-CB5466CCCE39}"
EndProject
Project("{FAE04EC0-301F-11D3-BF4B-00C04F79EFBC}") = "Fibonacci", "Fibonacci\Fibonacci.csproj", "{120E6F1F-A2F4-4528-9646-267233C47F02}"
EndProject
Global
	GlobalSection(SolutionConfigurationPlatforms) = preSolution
		Debug|Any CPU = Debug|Any CPU
		Release|Any CPU = Release|Any CPU
	EndGlobalSection
	GlobalSection(ProjectConfigurationPlatforms) = postSolution
		{56278C13-9B54-4AEE-968D-CB5466CCCE39}.Debug|Any CPU.ActiveCfg = Debug|Any CPU
		{56278C13-9B54-4AEE-968D-CB5466CCCE39}.Debug|Any CPU.Build.0 = Debug|Any CPU
		{56278C13-9B54-4AEE-968D-CB5466CCCE39}.Release|Any CPU.ActiveCfg = Release|Any CPU
		{56278C13-9B54-4AEE-968D-CB5466CCCE39}.Release|Any CPU.Build.0 = Release|Any CPU
		{120E6F1F-A2F4-4528-9646-267233C47F02}.Debug|Any CPU.ActiveCfg = Debug|Any CPU
		{120E6F1F-A2F4-4528-9646-267233C47F02}.Debug|Any CPU.Build.0 = Debug|Any CPU
		{120E6F1F-A2F4-4528-9646-267233C47F02}.Release|Any CPU.ActiveCfg = Release|Any CPU
		{120E6F1F-A2F4-4528-9646-267233C47F02}.Release|Any CPU.Build.0 = Release|Any CPU
	EndGlobalSection
	GlobalSection(SolutionProperties) = preSolution
		HideSolutionNode = FALSE
	EndGlobalSection
	GlobalSection(ExtensibilityGlobals) = postSolution
		SolutionGuid = {8767E9BE-BDEC-401C-94A7-BC65FB8DFAFD}
	EndGlobalSection
EndGlobal
